// !$*UTF8*$!
{
	archiveVersion = 1;
	classes = {
	};
	objectVersion = 46;
	objects = {

/* Begin PBXBuildFile section */
		DAB9D3551BD763E40060A944 /* main.m in Sources */ = {isa = PBXBuildFile; fileRef = DAB9D3541BD763E40060A944 /* main.m */; };
		DAB9D35E1BD768110060A944 /* CarFactory.m in Sources */ = {isa = PBXBuildFile; fileRef = DAB9D35D1BD768110060A944 /* CarFactory.m */; };
		DAB9D3611BD7696B0060A944 /* MyCars.m in Sources */ = {isa = PBXBuildFile; fileRef = DAB9D3601BD7696B0060A944 /* MyCars.m */; };
/* End PBXBuildFile section */

/* Begin PBXCopyFilesBuildPhase section */
		DAB9D34F1BD763E40060A944 /* CopyFiles */ = {
			isa = PBXCopyFilesBuildPhase;
			buildActionMask = 2147483647;
			dstPath = /usr/share/man/man1/;
			dstSubfolderSpec = 0;
			files = (
			);
			runOnlyForDeploymentPostprocessing = 1;
		};
/* End PBXCopyFilesBuildPhase section */

/* Begin PBXFileReference section */
		DAB9D3511BD763E40060A944 /* Protocols */ = {isa = PBXFileReference; explicitFileType = "compiled.mach-o.executable"; includeInIndex = 0; path = Protocols; sourceTree = BUILT_PRODUCTS_DIR; };
		DAB9D3541BD763E40060A944 /* main.m */ = {isa = PBXFileReference; lastKnownFileType = sourcecode.c.objc; path = main.m; sourceTree = "<group>"; };
		DAB9D35B1BD767AC0060A944 /* CarModel.h */ = {isa = PBXFileReference; fileEncoding = 4; lastKnownFileType = sourcecode.c.h; path = CarModel.h; sourceTree = "<group>"; };
		DAB9D35C1BD768110060A944 /* CarFactory.h */ = {isa = PBXFileReference; fileEncoding = 4; lastKnownFileType = sourcecode.c.h; path = CarFactory.h; sourceTree = "<group>"; };
		DAB9D35D1BD768110060A944 /* CarFactory.m */ = {isa = PBXFileReference; fileEncoding = 4; lastKnownFileType = sourcecode.c.objc; path = CarFactory.m; sourceTree = "<group>"; };
		DAB9D35F1BD7696B0060A944 /* MyCars.h */ = {isa = PBXFileReference; fileEncoding = 4; lastKnownFileType = sourcecode.c.h; path = MyCars.h; sourceTree = "<group>"; };
		DAB9D3601BD7696B0060A944 /* MyCars.m */ = {isa = PBXFileReference; fileEncoding = 4; lastKnownFileType = sourcecode.c.objc; path = MyCars.m; sourceTree = "<group>"; };
/* End PBXFileReference section */

/* Begin PBXFrameworksBuildPhase section */
		DAB9D34E1BD763E40060A944 /* Frameworks */ = {
			isa = PBXFrameworksBuildPhase;
			buildActionMask = 2147483647;
			files = (
			);
			runOnlyForDeploymentPostprocessing = 0;
		};
/* End PBXFrameworksBuildPhase section */

/* Begin PBXGroup section */
		DAB9D3481BD763E40060A944 = {
			isa = PBXGroup;
			children = (
				DAB9D35B1BD767AC0060A944 /* CarModel.h */,
				DAB9D35C1BD768110060A944 /* CarFactory.h */,
				DAB9D35D1BD768110060A944 /* CarFactory.m */,
				DAB9D35F1BD7696B0060A944 /* MyCars.h */,
				DAB9D3601BD7696B0060A944 /* MyCars.m */,
				DAB9D3531BD763E40060A944 /* Protocols */,
				DAB9D3521BD763E40060A944 /* Products */,
			);
			sourceTree = "<group>";
		};
		DAB9D3521BD763E40060A944 /* Products */ = {
			isa = PBXGroup;
			children = (
				DAB9D3511BD763E40060A944 /* Protocols */,
			);
			name = Products;
			sourceTree = "<group>";
		};
		DAB9D3531BD763E40060A944 /* Protocols */ = {
			isa = PBXGroup;
			children = (
				DAB9D3541BD763E40060A944 /* main.m */,
			);
			path = Protocols;
			sourceTree = "<group>";
		};
/* End PBXGroup section */

/* Begin PBXNativeTarget section */
		DAB9D3501BD763E40060A944 /* Protocols */ = {
			isa = PBXNativeTarget;
			buildConfigurationList = DAB9D3581BD763E40060A944 /* Build configuration list for PBXNativeTarget "Protocols" */;
			buildPhases = (
				DAB9D34D1BD763E40060A944 /* Sources */,
				DAB9D34E1BD763E40060A944 /* Frameworks */,
				DAB9D34F1BD763E40060A944 /* CopyFiles */,
			);
			buildRules = (
			);
			dependencies = (
			);
			name = Protocols;
			productName = Protocols;
			productReference = DAB9D3511BD763E40060A944 /* Protocols */;
			productType = "com.apple.product-type.tool";
		};
/* End PBXNativeTarget section */

/* Begin PBXProject section */
		DAB9D3491BD763E40060A944 /* Project object */ = {
			isa = PBXProject;
			attributes = {
				LastUpgradeCheck = 0700;
				ORGANIZATIONNAME = "Abhishek Saxena";
				TargetAttributes = {
					DAB9D3501BD763E40060A944 = {
						CreatedOnToolsVersion = 7.0;
					};
				};
			};
			buildConfigurationList = DAB9D34C1BD763E40060A944 /* Build configuration list for PBXProject "Protocols" */;
			compatibilityVersion = "Xcode 3.2";
			developmentRegion = English;
			hasScannedForEncodings = 0;
			knownRegions = (
				en,
			);
			mainGroup = DAB9D3481BD763E40060A944;
			productRefGroup = DAB9D3521BD763E40060A944 /* Products */;
			projectDirPath = "";
			projectRoot = "";
			targets = (
				DAB9D3501BD763E40060A944 /* Protocols */,
			);
		};
/* End PBXProject section */

/* Begin PBXSourcesBuildPhase section */
		DAB9D34D1BD763E40060A944 /* Sources */ = {
			isa = PBXSourcesBuildPhase;
			buildActionMask = 2147483647;
			files = (
				DAB9D3551BD763E40060A944 /* main.m in Sources */,
				DAB9D3611BD7696B0060A944 /* MyCars.m in Sources */,
				DAB9D35E1BD768110060A944 /* CarFactory.m in Sources */,
			);
			runOnlyForDeploymentPostprocessing = 0;
		};
/* End PBXSourcesBuildPhase section */

/* Begin XCBuildConfiguration section */
		DAB9D3561BD763E40060A944 /* Debug */ = {
			isa = XCBuildConfiguration;
			buildSettings = {
				ALWAYS_SEARCH_USER_PATHS = NO;
				CLANG_CXX_LANGUAGE_STANDARD = "gnu++0x";
				CLANG_CXX_LIBRARY = "libc++";
				CLANG_ENABLE_MODULES = YES;
				CLANG_ENABLE_OBJC_ARC = YES;
				CLANG_WARN_BOOL_CONVERSION = YES;
				CLANG_WARN_CONSTANT_CONVERSION = YES;
				CLANG_WARN_DIRECT_OBJC_ISA_USAGE = YES_ERROR;
				CLANG_WARN_EMPTY_BODY = YES;
				CLANG_WARN_ENUM_CONVERSION = YES;
				CLANG_WARN_INT_CONVERSION = YES;
				CLANG_WARN_OBJC_ROOT_CLASS = YES_ERROR;
				CLANG_WARN_UNREACHABLE_CODE = YES;
				CLANG_WARN__DUPLICATE_METHOD_MATCH = YES;
				COPY_PHASE_STRIP = NO;
				DEBUG_INFORMATION_FORMAT = dwarf;
				ENABLE_STRICT_OBJC_MSGSEND = YES;
				ENABLE_TESTABILITY = YES;
				GCC_C_LANGUAGE_STANDARD = gnu99;
				GCC_DYNAMIC_NO_PIC = NO;
				GCC_NO_COMMON_BLOCKS = YES;
				GCC_OPTIMIZATION_LEVEL = 0;
				GCC_PREPROCESSOR_DEFINITIONS = (
					"DEBUG=1",
					"$(inherited)",
				);
				GCC_WARN_64_TO_32_BIT_CONVERSION = YES;
				GCC_WARN_ABOUT_RETURN_TYPE = YES_ERROR;
				GCC_WARN_UNDECLARED_SELECTOR = YES;
				GCC_WARN_UNINITIALIZED_AUTOS = YES_AGGRESSIVE;
				GCC_WARN_UNUSED_FUNCTION = YES;
				GCC_WARN_UNUSED_VARIABLE = YES;
				MACOSX_DEPLOYMENT_TARGET = 10.11;
				MTL_ENABLE_DEBUG_INFO = YES;
				ONLY_ACTIVE_ARCH = YES;
				SDKROOT = macosx;
			};
			name = Debug;
		};
		DAB9D3571BD763E40060A944 /* Release */ = {
			isa = XCBuildConfiguration;
			buildSettings = {
				ALWAYS_SEARCH_USER_PATHS = NO;
				CLANG_CXX_LANGUAGE_STANDARD = "gnu++0x";
				CLANG_CXX_LIBRARY = "libc++";
				CLANG_ENABLE_MODULES = YES;
				CLANG_ENABLE_OBJC_ARC = YES;
				CLANG_WARN_BOOL_CONVERSION = YES;
				CLANG_WARN_CONSTANT_CONVERSION = YES;
				CLANG_WARN_DIRECT_OBJC_ISA_USAGE = YES_ERROR;
				CLANG_WARN_EMPTY_BODY = YES;
				CLANG_WARN_ENUM_CONVERSION = YES;
				CLANG_WARN_INT_CONVERSION = YES;
				CLANG_WARN_OBJC_ROOT_CLASS = YES_ERROR;
				CLANG_WARN_UNREACHABLE_CODE = YES;
				CLANG_WARN__DUPLICATE_METHOD_MATCH = YES;
				COPY_PHASE_STRIP = NO;
				DEBUG_INFORMATION_FORMAT = "dwarf-with-dsym";
				ENABLE_NS_ASSERTIONS = NO;
				ENABLE_STRICT_OBJC_MSGSEND = YES;
				GCC_C_LANGUAGE_STANDARD = gnu99;
				GCC_NO_COMMON_BLOCKS = YES;
				GCC_WARN_64_TO_32_BIT_CONVERSION = YES;
				GCC_WARN_ABOUT_RETURN_TYPE = YES_ERROR;
				GCC_WARN_UNDECLARED_SELECTOR = YES;
				GCC_WARN_UNINITIALIZED_AUTOS = YES_AGGRESSIVE;
				GCC_WARN_UNUSED_FUNCTION = YES;
				GCC_WARN_UNUSED_VARIABLE = YES;
				MACOSX_DEPLOYMENT_TARGET = 10.11;
				MTL_ENABLE_DEBUG_INFO = NO;
				SDKROOT = macosx;
			};
			name = Release;
		};
		DAB9D3591BD763E40060A944 /* Debug */ = {
			isa = XCBuildConfiguration;
			buildSettings = {
				PRODUCT_NAME = "$(TARGET_NAME)";
			};
			name = Debug;
		};
		DAB9D35A1BD763E40060A944 /* Release */ = {
			isa = XCBuildConfiguration;
			buildSettings = {
				PRODUCT_NAME = "$(TARGET_NAME)";
			};
			name = Release;
		};
/* End XCBuildConfiguration section */

/* Begin XCConfigurationList section */
		DAB9D34C1BD763E40060A944 /* Build configuration list for PBXProject "Protocols" */ = {
			isa = XCConfigurationList;
			buildConfigurations = (
				DAB9D3561BD763E40060A944 /* Debug */,
				DAB9D3571BD763E40060A944 /* Release */,
			);
			defaultConfigurationIsVisible = 0;
			defaultConfigurationName = Release;
		};
		DAB9D3581BD763E40060A944 /* Build configuration list for PBXNativeTarget "Protocols" */ = {
			isa = XCConfigurationList;
			buildConfigurations = (
				DAB9D3591BD763E40060A944 /* Debug */,
				DAB9D35A1BD763E40060A944 /* Release */,
			);
			defaultConfigurationIsVisible = 0;
		};
/* End XCConfigurationList section */
	};
	rootObject = DAB9D3491BD763E40060A944 /* Project object */;
}
